
Microsoft Visual Studio Solution File, Format Version 12.00
Project("{FAE04EC0-301F-11D3-BF4B-00C04F79EFBC}") = "CinemaCatalog.API", "CinemaCatalog.API\CinemaCatalog.API.csproj", "{7206BFFB-13E6-43B4-8E0B-EEA29A19D000}"
EndProject
Project("{FAE04EC0-301F-11D3-BF4B-00C04F79EFBC}") = "CinemaCatalog.Domain", "CinemaCatalog.Domain\CinemaCatalog.Domain.csproj", "{BDFEDE86-778C-4FAE-B513-5110A4A9ECC5}"
EndProject
Project("{FAE04EC0-301F-11D3-BF4B-00C04F79EFBC}") = "CinemaCatalog.Application", "CinemaCatalog.Application\CinemaCatalog.Application.csproj", "{05AB6C4D-E872-4F2E-811E-6CB864ECAD61}"
EndProject
Project("{FAE04EC0-301F-11D3-BF4B-00C04F79EFBC}") = "CinemaCatalog.Infrastructure", "CinemaCatalog.Infrastructure\CinemaCatalog.Infrastructure.csproj", "{51D4BEB5-EA78-46E9-A273-C7B4CF73E2BD}"
EndProject
Project("{FAE04EC0-301F-11D3-BF4B-00C04F79EFBC}") = "CinemaCatalog.Web", "CinemaCatalog.Web\CinemaCatalog.Web.csproj", "{62015911-2998-4ACD-A39E-B4BEB37B7006}"
EndProject
Global
	GlobalSection(SolutionConfigurationPlatforms) = preSolution
		Debug|Any CPU = Debug|Any CPU
		Release|Any CPU = Release|Any CPU
	EndGlobalSection
	GlobalSection(ProjectConfigurationPlatforms) = postSolution
		{7206BFFB-13E6-43B4-8E0B-EEA29A19D000}.Debug|Any CPU.ActiveCfg = Debug|Any CPU
		{7206BFFB-13E6-43B4-8E0B-EEA29A19D000}.Debug|Any CPU.Build.0 = Debug|Any CPU
		{7206BFFB-13E6-43B4-8E0B-EEA29A19D000}.Release|Any CPU.ActiveCfg = Release|Any CPU
		{7206BFFB-13E6-43B4-8E0B-EEA29A19D000}.Release|Any CPU.Build.0 = Release|Any CPU
		{BDFEDE86-778C-4FAE-B513-5110A4A9ECC5}.Debug|Any CPU.ActiveCfg = Debug|Any CPU
		{BDFEDE86-778C-4FAE-B513-5110A4A9ECC5}.Debug|Any CPU.Build.0 = Debug|Any CPU
		{BDFEDE86-778C-4FAE-B513-5110A4A9ECC5}.Release|Any CPU.ActiveCfg = Release|Any CPU
		{BDFEDE86-778C-4FAE-B513-5110A4A9ECC5}.Release|Any CPU.Build.0 = Release|Any CPU
		{05AB6C4D-E872-4F2E-811E-6CB864ECAD61}.Debug|Any CPU.ActiveCfg = Debug|Any CPU
		{05AB6C4D-E872-4F2E-811E-6CB864ECAD61}.Debug|Any CPU.Build.0 = Debug|Any CPU
		{05AB6C4D-E872-4F2E-811E-6CB864ECAD61}.Release|Any CPU.ActiveCfg = Release|Any CPU
		{05AB6C4D-E872-4F2E-811E-6CB864ECAD61}.Release|Any CPU.Build.0 = Release|Any CPU
		{51D4BEB5-EA78-46E9-A273-C7B4CF73E2BD}.Debug|Any CPU.ActiveCfg = Debug|Any CPU
		{51D4BEB5-EA78-46E9-A273-C7B4CF73E2BD}.Debug|Any CPU.Build.0 = Debug|Any CPU
		{51D4BEB5-EA78-46E9-A273-C7B4CF73E2BD}.Release|Any CPU.ActiveCfg = Release|Any CPU
		{51D4BEB5-EA78-46E9-A273-C7B4CF73E2BD}.Release|Any CPU.Build.0 = Release|Any CPU
		{62015911-2998-4ACD-A39E-B4BEB37B7006}.Debug|Any CPU.ActiveCfg = Debug|Any CPU
		{62015911-2998-4ACD-A39E-B4BEB37B7006}.Debug|Any CPU.Build.0 = Debug|Any CPU
		{62015911-2998-4ACD-A39E-B4BEB37B7006}.Release|Any CPU.ActiveCfg = Release|Any CPU
		{62015911-2998-4ACD-A39E-B4BEB37B7006}.Release|Any CPU.Build.0 = Release|Any CPU
	EndGlobalSection
EndGlobal
